// !$*UTF8*$!
{
	archiveVersion = 1;
	classes = {
	};
	objectVersion = 77;
	objects = {

/* Begin PBXContainerItemProxy section */
		DD7DC7AC2E7FAA2A0083F8F6 /* PBXContainerItemProxy */ = {
			isa = PBXContainerItemProxy;
			containerPortal = DD7DC7942E7FAA290083F8F6 /* Project object */;
			proxyType = 1;
			remoteGlobalIDString = DD7DC79B2E7FAA290083F8F6;
			remoteInfo = "IRIX IDE";
		};
		DD7DC7B62E7FAA2A0083F8F6 /* PBXContainerItemProxy */ = {
			isa = PBXContainerItemProxy;
			containerPortal = DD7DC7942E7FAA290083F8F6 /* Project object */;
			proxyType = 1;
			remoteGlobalIDString = DD7DC79B2E7FAA290083F8F6;
			remoteInfo = "IRIX IDE";
		};
/* End PBXContainerItemProxy section */

/* Begin PBXFileReference section */
		DD7DC79C2E7FAA290083F8F6 /* IRIX IDE.app */ = {isa = PBXFileReference; explicitFileType = wrapper.application; includeInIndex = 0; path = "IRIX IDE.app"; sourceTree = BUILT_PRODUCTS_DIR; };
		DD7DC7AB2E7FAA2A0083F8F6 /* IRIX IDETests.xctest */ = {isa = PBXFileReference; explicitFileType = wrapper.cfbundle; includeInIndex = 0; path = "IRIX IDETests.xctest"; sourceTree = BUILT_PRODUCTS_DIR; };
		DD7DC7B52E7FAA2A0083F8F6 /* IRIX IDEUITests.xctest */ = {isa = PBXFileReference; explicitFileType = wrapper.cfbundle; includeInIndex = 0; path = "IRIX IDEUITests.xctest"; sourceTree = BUILT_PRODUCTS_DIR; };
/* End PBXFileReference section */

/* Begin PBXFileSystemSynchronizedRootGroup section */
		DD7DC79E2E7FAA290083F8F6 /* IRIX IDE */ = {
			isa = PBXFileSystemSynchronizedRootGroup;
			path = "IRIX IDE";
			sourceTree = "<group>";
		};
		DD7DC7AE2E7FAA2A0083F8F6 /* IRIX IDETests */ = {
			isa = PBXFileSystemSynchronizedRootGroup;
			path = "IRIX IDETests";
			sourceTree = "<group>";
		};
		DD7DC7B82E7FAA2A0083F8F6 /* IRIX IDEUITests */ = {
			isa = PBXFileSystemSynchronizedRootGroup;
			path = "IRIX IDEUITests";
			sourceTree = "<group>";
		};
/* End PBXFileSystemSynchronizedRootGroup section */

/* Begin PBXFrameworksBuildPhase section */
		DD7DC7992E7FAA290083F8F6 /* Frameworks */ = {
			isa = PBXFrameworksBuildPhase;
			buildActionMask = 2147483647;
			files = (
				DD7DC7D52E80BB4A0083F8F6 /* IRIXDesignSystem in Frameworks */,
				DD7DC7D62E80BB4A0083F8F6 /* IRIXFeatures in Frameworks */,
				DD7DC7D72E80BB4A0083F8F6 /* IRIXServices in Frameworks */,
			);
			runOnlyForDeploymentPostprocessing = 0;
		};
		DD7DC7A82E7FAA2A0083F8F6 /* Frameworks */ = {
			isa = PBXFrameworksBuildPhase;
			buildActionMask = 2147483647;
			files = (
			);
			runOnlyForDeploymentPostprocessing = 0;
		};
		DD7DC7B22E7FAA2A0083F8F6 /* Frameworks */ = {
			isa = PBXFrameworksBuildPhase;
			buildActionMask = 2147483647;
			files = (
			);
			runOnlyForDeploymentPostprocessing = 0;
		};
/* End PBXFrameworksBuildPhase section */

/* Begin PBXGroup section */
		DD7DC7932E7FAA290083F8F6 = {
			isa = PBXGroup;
			children = (
				DD7DC79E2E7FAA290083F8F6 /* IRIX IDE */,
				DD7DC7AE2E7FAA2A0083F8F6 /* IRIX IDETests */,
				DD7DC7B82E7FAA2A0083F8F6 /* IRIX IDEUITests */,
				DD7DC79D2E7FAA290083F8F6 /* Products */,
			);
			sourceTree = "<group>";
		};
		DD7DC79D2E7FAA290083F8F6 /* Products */ = {
			isa = PBXGroup;
			children = (
				DD7DC79C2E7FAA290083F8F6 /* IRIX IDE.app */,
				DD7DC7AB2E7FAA2A0083F8F6 /* IRIX IDETests.xctest */,
				DD7DC7B52E7FAA2A0083F8F6 /* IRIX IDEUITests.xctest */,
			);
			name = Products;
			sourceTree = "<group>";
		};
/* End PBXGroup section */

/* Begin PBXNativeTarget section */
		DD7DC79B2E7FAA290083F8F6 /* IRIX IDE */ = {
			isa = PBXNativeTarget;
			buildConfigurationList = DD7DC7BF2E7FAA2A0083F8F6 /* Build configuration list for PBXNativeTarget "IRIX IDE" */;
			buildPhases = (
				DD7DC7982E7FAA290083F8F6 /* Sources */,
				DD7DC7992E7FAA290083F8F6 /* Frameworks */,
				DD7DC79A2E7FAA290083F8F6 /* Resources */,
			);
			buildRules = (
			);
			dependencies = (
			);
			fileSystemSynchronizedGroups = (
				DD7DC79E2E7FAA290083F8F6 /* IRIX IDE */,
			);
			name = "IRIX IDE";
			packageProductDependencies = (
				DD7DC7D22E80BB3C0083F8F6 /* IRIXDesignSystem */,
				DD7DC7D32E80BB3C0083F8F6 /* IRIXFeatures */,
				DD7DC7D42E80BB3C0083F8F6 /* IRIXServices */,
			);
			productName = "IRIX IDE";
			productReference = DD7DC79C2E7FAA290083F8F6 /* IRIX IDE.app */;
			productType = "com.apple.product-type.application";
		};
		DD7DC7AA2E7FAA2A0083F8F6 /* IRIX IDETests */ = {
			isa = PBXNativeTarget;
			buildConfigurationList = DD7DC7C22E7FAA2A0083F8F6 /* Build configuration list for PBXNativeTarget "IRIX IDETests" */;
			buildPhases = (
				DD7DC7A72E7FAA2A0083F8F6 /* Sources */,
				DD7DC7A82E7FAA2A0083F8F6 /* Frameworks */,
				DD7DC7A92E7FAA2A0083F8F6 /* Resources */,
			);
			buildRules = (
			);
			dependencies = (
				DD7DC7AD2E7FAA2A0083F8F6 /* PBXTargetDependency */,
			);
			fileSystemSynchronizedGroups = (
				DD7DC7AE2E7FAA2A0083F8F6 /* IRIX IDETests */,
			);
			name = "IRIX IDETests";
			packageProductDependencies = (
			);
			productName = "IRIX IDETests";
			productReference = DD7DC7AB2E7FAA2A0083F8F6 /* IRIX IDETests.xctest */;
			productType = "com.apple.product-type.bundle.unit-test";
		};
		DD7DC7B42E7FAA2A0083F8F6 /* IRIX IDEUITests */ = {
			isa = PBXNativeTarget;
			buildConfigurationList = DD7DC7C52E7FAA2A0083F8F6 /* Build configuration list for PBXNativeTarget "IRIX IDEUITests" */;
			buildPhases = (
				DD7DC7B12E7FAA2A0083F8F6 /* Sources */,
				DD7DC7B22E7FAA2A0083F8F6 /* Frameworks */,
				DD7DC7B32E7FAA2A0083F8F6 /* Resources */,
			);
			buildRules = (
			);
			dependencies = (
				DD7DC7B72E7FAA2A0083F8F6 /* PBXTargetDependency */,
			);
			fileSystemSynchronizedGroups = (
				DD7DC7B82E7FAA2A0083F8F6 /* IRIX IDEUITests */,
			);
			name = "IRIX IDEUITests";
			packageProductDependencies = (
			);
			productName = "IRIX IDEUITests";
			productReference = DD7DC7B52E7FAA2A0083F8F6 /* IRIX IDEUITests.xctest */;
			productType = "com.apple.product-type.bundle.ui-testing";
		};
/* End PBXNativeTarget section */

/* Begin PBXProject section */
		DD7DC7942E7FAA290083F8F6 /* Project object */ = {
			isa = PBXProject;
			attributes = {
				BuildIndependentTargetsInParallel = 1;
				LastSwiftUpdateCheck = 2600;
				LastUpgradeCheck = 2600;
				TargetAttributes = {
					DD7DC79B2E7FAA290083F8F6 = {
						CreatedOnToolsVersion = 26.0;
					};
					DD7DC7AA2E7FAA2A0083F8F6 = {
						CreatedOnToolsVersion = 26.0;
						TestTargetID = DD7DC79B2E7FAA290083F8F6;
					};
					DD7DC7B42E7FAA2A0083F8F6 = {
						CreatedOnToolsVersion = 26.0;
						TestTargetID = DD7DC79B2E7FAA290083F8F6;
					};
				};
			};
			buildConfigurationList = DD7DC7972E7FAA290083F8F6 /* Build configuration list for PBXProject "IRIX IDE" */;
			developmentRegion = en;
			hasScannedForEncodings = 0;
			knownRegions = (
				en,
				Base,
			);
			mainGroup = DD7DC7932E7FAA290083F8F6;
			minimizedProjectReferenceProxies = 1;
			packageReferences = (
				DD7DC7D12E80BB350083F8F6 /* IRIX IDE Package */,
			);
			preferredProjectObjectVersion = 77;
			productRefGroup = DD7DC79D2E7FAA290083F8F6 /* Products */;
			projectDirPath = "";
			projectRoot = "";
			targets = (
				DD7DC79B2E7FAA290083F8F6 /* IRIX IDE */,
				DD7DC7AA2E7FAA2A0083F8F6 /* IRIX IDETests */,
				DD7DC7B42E7FAA2A0083F8F6 /* IRIX IDEUITests */,
			);
		};
/* End PBXProject section */

/* Begin PBXResourcesBuildPhase section */
		DD7DC79A2E7FAA290083F8F6 /* Resources */ = {
			isa = PBXResourcesBuildPhase;
			buildActionMask = 2147483647;
			files = (
			);
			runOnlyForDeploymentPostprocessing = 0;
		};
		DD7DC7A92E7FAA2A0083F8F6 /* Resources */ = {
			isa = PBXResourcesBuildPhase;
			buildActionMask = 2147483647;
			files = (
			);
			runOnlyForDeploymentPostprocessing = 0;
		};
		DD7DC7B32E7FAA2A0083F8F6 /* Resources */ = {
			isa = PBXResourcesBuildPhase;
			buildActionMask = 2147483647;
			files = (
			);
			runOnlyForDeploymentPostprocessing = 0;
		};
/* End PBXResourcesBuildPhase section */

/* Begin PBXSourcesBuildPhase section */
		DD7DC7982E7FAA290083F8F6 /* Sources */ = {
			isa = PBXSourcesBuildPhase;
			buildActionMask = 2147483647;
			files = (
			);
			runOnlyForDeploymentPostprocessing = 0;
		};
		DD7DC7A72E7FAA2A0083F8F6 /* Sources */ = {
			isa = PBXSourcesBuildPhase;
			buildActionMask = 2147483647;
			files = (
			);
			runOnlyForDeploymentPostprocessing = 0;
		};
		DD7DC7B12E7FAA2A0083F8F6 /* Sources */ = {
			isa = PBXSourcesBuildPhase;
			buildActionMask = 2147483647;
			files = (
			);
			runOnlyForDeploymentPostprocessing = 0;
		};
/* End PBXSourcesBuildPhase section */

/* Begin PBXTargetDependency section */
		DD7DC7AD2E7FAA2A0083F8F6 /* PBXTargetDependency */ = {
			isa = PBXTargetDependency;
			target = DD7DC79B2E7FAA290083F8F6 /* IRIX IDE */;
			targetProxy = DD7DC7AC2E7FAA2A0083F8F6 /* PBXContainerItemProxy */;
		};
		DD7DC7B72E7FAA2A0083F8F6 /* PBXTargetDependency */ = {
			isa = PBXTargetDependency;
			target = DD7DC79B2E7FAA290083F8F6 /* IRIX IDE */;
			targetProxy = DD7DC7B62E7FAA2A0083F8F6 /* PBXContainerItemProxy */;
		};
/* End PBXTargetDependency section */

/* Begin XCBuildConfiguration section */
		DD7DC7BD2E7FAA2A0083F8F6 /* Debug */ = {
			isa = XCBuildConfiguration;
			buildSettings = {
				ALWAYS_SEARCH_USER_PATHS = NO;
				ASSETCATALOG_COMPILER_GENERATE_SWIFT_ASSET_SYMBOL_EXTENSIONS = YES;
				CLANG_ANALYZER_NONNULL = YES;
				CLANG_ANALYZER_NUMBER_OBJECT_CONVERSION = YES_AGGRESSIVE;
				CLANG_CXX_LANGUAGE_STANDARD = "gnu++20";
				CLANG_ENABLE_MODULES = YES;
				CLANG_ENABLE_OBJC_ARC = YES;
				CLANG_ENABLE_OBJC_WEAK = YES;
				CLANG_WARN_BLOCK_CAPTURE_AUTORELEASING = YES;
				CLANG_WARN_BOOL_CONVERSION = YES;
				CLANG_WARN_COMMA = YES;
				CLANG_WARN_CONSTANT_CONVERSION = YES;
				CLANG_WARN_DEPRECATED_OBJC_IMPLEMENTATIONS = YES;
				CLANG_WARN_DIRECT_OBJC_ISA_USAGE = YES_ERROR;
				CLANG_WARN_DOCUMENTATION_COMMENTS = YES;
				CLANG_WARN_EMPTY_BODY = YES;
				CLANG_WARN_ENUM_CONVERSION = YES;
				CLANG_WARN_INFINITE_RECURSION = YES;
				CLANG_WARN_INT_CONVERSION = YES;
				CLANG_WARN_NON_LITERAL_NULL_CONVERSION = YES;
				CLANG_WARN_OBJC_IMPLICIT_RETAIN_SELF = YES;
				CLANG_WARN_OBJC_LITERAL_CONVERSION = YES;
				CLANG_WARN_OBJC_ROOT_CLASS = YES_ERROR;
				CLANG_WARN_QUOTED_INCLUDE_IN_FRAMEWORK_HEADER = YES;
				CLANG_WARN_RANGE_LOOP_ANALYSIS = YES;
				CLANG_WARN_STRICT_PROTOTYPES = YES;
				CLANG_WARN_SUSPICIOUS_MOVE = YES;
				CLANG_WARN_UNGUARDED_AVAILABILITY = YES_AGGRESSIVE;
				CLANG_WARN_UNREACHABLE_CODE = YES;
				CLANG_WARN__DUPLICATE_METHOD_MATCH = YES;
				COPY_PHASE_STRIP = NO;
				DEBUG_INFORMATION_FORMAT = dwarf;
				DEVELOPMENT_TEAM = 7WWTCMKGHB;
				ENABLE_STRICT_OBJC_MSGSEND = YES;
				ENABLE_TESTABILITY = YES;
				ENABLE_USER_SCRIPT_SANDBOXING = YES;
				GCC_C_LANGUAGE_STANDARD = gnu17;
				GCC_DYNAMIC_NO_PIC = NO;
				GCC_NO_COMMON_BLOCKS = YES;
				GCC_OPTIMIZATION_LEVEL = 0;
				GCC_PREPROCESSOR_DEFINITIONS = (
					"DEBUG=1",
					"$(inherited)",
				);
				GCC_WARN_64_TO_32_BIT_CONVERSION = YES;
				GCC_WARN_ABOUT_RETURN_TYPE = YES_ERROR;
				GCC_WARN_UNDECLARED_SELECTOR = YES;
				GCC_WARN_UNINITIALIZED_AUTOS = YES_AGGRESSIVE;
				GCC_WARN_UNUSED_FUNCTION = YES;
				GCC_WARN_UNUSED_VARIABLE = YES;
				LOCALIZATION_PREFERS_STRING_CATALOGS = YES;
				MTL_ENABLE_DEBUG_INFO = INCLUDE_SOURCE;
				MTL_FAST_MATH = YES;
				ONLY_ACTIVE_ARCH = YES;
				SWIFT_ACTIVE_COMPILATION_CONDITIONS = "DEBUG $(inherited)";
				SWIFT_OPTIMIZATION_LEVEL = "-Onone";
			};
			name = Debug;
		};
		DD7DC7BE2E7FAA2A0083F8F6 /* Release */ = {
			isa = XCBuildConfiguration;
			buildSettings = {
				ALWAYS_SEARCH_USER_PATHS = NO;
				ASSETCATALOG_COMPILER_GENERATE_SWIFT_ASSET_SYMBOL_EXTENSIONS = YES;
				CLANG_ANALYZER_NONNULL = YES;
				CLANG_ANALYZER_NUMBER_OBJECT_CONVERSION = YES_AGGRESSIVE;
				CLANG_CXX_LANGUAGE_STANDARD = "gnu++20";
				CLANG_ENABLE_MODULES = YES;
				CLANG_ENABLE_OBJC_ARC = YES;
				CLANG_ENABLE_OBJC_WEAK = YES;
				CLANG_WARN_BLOCK_CAPTURE_AUTORELEASING = YES;
				CLANG_WARN_BOOL_CONVERSION = YES;
				CLANG_WARN_COMMA = YES;
				CLANG_WARN_CONSTANT_CONVERSION = YES;
				CLANG_WARN_DEPRECATED_OBJC_IMPLEMENTATIONS = YES;
				CLANG_WARN_DIRECT_OBJC_ISA_USAGE = YES_ERROR;
				CLANG_WARN_DOCUMENTATION_COMMENTS = YES;
				CLANG_WARN_EMPTY_BODY = YES;
				CLANG_WARN_ENUM_CONVERSION = YES;
				CLANG_WARN_INFINITE_RECURSION = YES;
				CLANG_WARN_INT_CONVERSION = YES;
				CLANG_WARN_NON_LITERAL_NULL_CONVERSION = YES;
				CLANG_WARN_OBJC_IMPLICIT_RETAIN_SELF = YES;
				CLANG_WARN_OBJC_LITERAL_CONVERSION = YES;
				CLANG_WARN_OBJC_ROOT_CLASS = YES_ERROR;
				CLANG_WARN_QUOTED_INCLUDE_IN_FRAMEWORK_HEADER = YES;
				CLANG_WARN_RANGE_LOOP_ANALYSIS = YES;
				CLANG_WARN_STRICT_PROTOTYPES = YES;
				CLANG_WARN_SUSPICIOUS_MOVE = YES;
				CLANG_WARN_UNGUARDED_AVAILABILITY = YES_AGGRESSIVE;
				CLANG_WARN_UNREACHABLE_CODE = YES;
				CLANG_WARN__DUPLICATE_METHOD_MATCH = YES;
				COPY_PHASE_STRIP = NO;
				DEBUG_INFORMATION_FORMAT = "dwarf-with-dsym";
				DEVELOPMENT_TEAM = 7WWTCMKGHB;
				ENABLE_NS_ASSERTIONS = NO;
				ENABLE_STRICT_OBJC_MSGSEND = YES;
				ENABLE_USER_SCRIPT_SANDBOXING = YES;
				GCC_C_LANGUAGE_STANDARD = gnu17;
				GCC_NO_COMMON_BLOCKS = YES;
				GCC_WARN_64_TO_32_BIT_CONVERSION = YES;
				GCC_WARN_ABOUT_RETURN_TYPE = YES_ERROR;
				GCC_WARN_UNDECLARED_SELECTOR = YES;
				GCC_WARN_UNINITIALIZED_AUTOS = YES_AGGRESSIVE;
				GCC_WARN_UNUSED_FUNCTION = YES;
				GCC_WARN_UNUSED_VARIABLE = YES;
				LOCALIZATION_PREFERS_STRING_CATALOGS = YES;
				MTL_ENABLE_DEBUG_INFO = NO;
				MTL_FAST_MATH = YES;
				SWIFT_COMPILATION_MODE = wholemodule;
			};
			name = Release;
		};
		DD7DC7C02E7FAA2A0083F8F6 /* Debug */ = {
			isa = XCBuildConfiguration;
			buildSettings = {
				ASSETCATALOG_COMPILER_APPICON_NAME = AppIcon;
				ASSETCATALOG_COMPILER_GLOBAL_ACCENT_COLOR_NAME = AccentColor;
				ASSETCATALOG_COMPILER_INCLUDE_ALL_APPICON_ASSETS = NO;
				CODE_SIGN_STYLE = Automatic;
				CURRENT_PROJECT_VERSION = 1;
				DEVELOPMENT_TEAM = 7WWTCMKGHB;
				ENABLE_APP_SANDBOX = YES;
				ENABLE_HARDENED_RUNTIME = YES;
				ENABLE_PREVIEWS = YES;
				ENABLE_USER_SELECTED_FILES = readonly;
				GENERATE_INFOPLIST_FILE = YES;
				INFOPLIST_KEY_LSApplicationCategoryType = "public.app-category.developer-tools";
				"INFOPLIST_KEY_UIApplicationSceneManifest_Generation[sdk=iphoneos*]" = YES;
				"INFOPLIST_KEY_UIApplicationSceneManifest_Generation[sdk=iphonesimulator*]" = YES;
				"INFOPLIST_KEY_UIApplicationSupportsIndirectInputEvents[sdk=iphoneos*]" = YES;
				"INFOPLIST_KEY_UIApplicationSupportsIndirectInputEvents[sdk=iphonesimulator*]" = YES;
				"INFOPLIST_KEY_UILaunchScreen_Generation[sdk=iphoneos*]" = YES;
				"INFOPLIST_KEY_UILaunchScreen_Generation[sdk=iphonesimulator*]" = YES;
				"INFOPLIST_KEY_UIStatusBarStyle[sdk=iphoneos*]" = UIStatusBarStyleDefault;
				"INFOPLIST_KEY_UIStatusBarStyle[sdk=iphonesimulator*]" = UIStatusBarStyleDefault;
				INFOPLIST_KEY_UISupportedInterfaceOrientations_iPad = "UIInterfaceOrientationPortrait UIInterfaceOrientationPortraitUpsideDown UIInterfaceOrientationLandscapeLeft UIInterfaceOrientationLandscapeRight";
				INFOPLIST_KEY_UISupportedInterfaceOrientations_iPhone = "UIInterfaceOrientationPortrait UIInterfaceOrientationLandscapeLeft UIInterfaceOrientationLandscapeRight";
				IPHONEOS_DEPLOYMENT_TARGET = 26.0;
				LD_RUNPATH_SEARCH_PATHS = "@executable_path/Frameworks";
				"LD_RUNPATH_SEARCH_PATHS[sdk=macosx*]" = "@executable_path/../Frameworks";
				MACOSX_DEPLOYMENT_TARGET = 26.0;
				MARKETING_VERSION = 1.0;
				PRODUCT_BUNDLE_IDENTIFIER = "SGI-Labs.IRIX-IDE";
				PRODUCT_NAME = "$(TARGET_NAME)";
				REGISTER_APP_GROUPS = YES;
				SDKROOT = auto;
				STRING_CATALOG_GENERATE_SYMBOLS = YES;
				SUPPORTED_PLATFORMS = macosx;
				SUPPORTS_MACCATALYST = NO;
				SWIFT_APPROACHABLE_CONCURRENCY = YES;
				SWIFT_DEFAULT_ACTOR_ISOLATION = MainActor;
				SWIFT_EMIT_LOC_STRINGS = YES;
				SWIFT_UPCOMING_FEATURE_MEMBER_IMPORT_VISIBILITY = YES;
				SWIFT_VERSION = 5.0;
				XROS_DEPLOYMENT_TARGET = 26.0;
			};
			name = Debug;
		};
		DD7DC7C12E7FAA2A0083F8F6 /* Release */ = {
			isa = XCBuildConfiguration;
			buildSettings = {
				ASSETCATALOG_COMPILER_APPICON_NAME = AppIcon;
				ASSETCATALOG_COMPILER_GLOBAL_ACCENT_COLOR_NAME = AccentColor;
				ASSETCATALOG_COMPILER_INCLUDE_ALL_APPICON_ASSETS = NO;
				CODE_SIGN_STYLE = Automatic;
				CURRENT_PROJECT_VERSION = 1;
				DEVELOPMENT_TEAM = 7WWTCMKGHB;
				ENABLE_APP_SANDBOX = YES;
				ENABLE_HARDENED_RUNTIME = YES;
				ENABLE_PREVIEWS = YES;
				ENABLE_USER_SELECTED_FILES = readonly;
				GENERATE_INFOPLIST_FILE = YES;
				INFOPLIST_KEY_LSApplicationCategoryType = "public.app-category.developer-tools";
				"INFOPLIST_KEY_UIApplicationSceneManifest_Generation[sdk=iphoneos*]" = YES;
				"INFOPLIST_KEY_UIApplicationSceneManifest_Generation[sdk=iphonesimulator*]" = YES;
				"INFOPLIST_KEY_UIApplicationSupportsIndirectInputEvents[sdk=iphoneos*]" = YES;
				"INFOPLIST_KEY_UIApplicationSupportsIndirectInputEvents[sdk=iphonesimulator*]" = YES;
				"INFOPLIST_KEY_UILaunchScreen_Generation[sdk=iphoneos*]" = YES;
				"INFOPLIST_KEY_UILaunchScreen_Generation[sdk=iphonesimulator*]" = YES;
				"INFOPLIST_KEY_UIStatusBarStyle[sdk=iphoneos*]" = UIStatusBarStyleDefault;
				"INFOPLIST_KEY_UIStatusBarStyle[sdk=iphonesimulator*]" = UIStatusBarStyleDefault;
				INFOPLIST_KEY_UISupportedInterfaceOrientations_iPad = "UIInterfaceOrientationPortrait UIInterfaceOrientationPortraitUpsideDown UIInterfaceOrientationLandscapeLeft UIInterfaceOrientationLandscapeRight";
				INFOPLIST_KEY_UISupportedInterfaceOrientations_iPhone = "UIInterfaceOrientationPortrait UIInterfaceOrientationLandscapeLeft UIInterfaceOrientationLandscapeRight";
				IPHONEOS_DEPLOYMENT_TARGET = 26.0;
				LD_RUNPATH_SEARCH_PATHS = "@executable_path/Frameworks";
				"LD_RUNPATH_SEARCH_PATHS[sdk=macosx*]" = "@executable_path/../Frameworks";
				MACOSX_DEPLOYMENT_TARGET = 26.0;
				MARKETING_VERSION = 1.0;
				PRODUCT_BUNDLE_IDENTIFIER = "SGI-Labs.IRIX-IDE";
				PRODUCT_NAME = "$(TARGET_NAME)";
				REGISTER_APP_GROUPS = YES;
				SDKROOT = auto;
				STRING_CATALOG_GENERATE_SYMBOLS = YES;
				SUPPORTED_PLATFORMS = macosx;
				SUPPORTS_MACCATALYST = NO;
				SWIFT_APPROACHABLE_CONCURRENCY = YES;
				SWIFT_DEFAULT_ACTOR_ISOLATION = MainActor;
				SWIFT_EMIT_LOC_STRINGS = YES;
				SWIFT_UPCOMING_FEATURE_MEMBER_IMPORT_VISIBILITY = YES;
				SWIFT_VERSION = 5.0;
				XROS_DEPLOYMENT_TARGET = 26.0;
			};
			name = Release;
		};
		DD7DC7C32E7FAA2A0083F8F6 /* Debug */ = {
			isa = XCBuildConfiguration;
			buildSettings = {
				BUNDLE_LOADER = "$(TEST_HOST)";
				CODE_SIGN_STYLE = Automatic;
				CURRENT_PROJECT_VERSION = 1;
				DEVELOPMENT_TEAM = 7WWTCMKGHB;
				GENERATE_INFOPLIST_FILE = YES;
				IPHONEOS_DEPLOYMENT_TARGET = 26.0;
				MACOSX_DEPLOYMENT_TARGET = 26.0;
				MARKETING_VERSION = 1.0;
				PRODUCT_BUNDLE_IDENTIFIER = "SGI-Labs.IRIX-IDETests";
				PRODUCT_NAME = "$(TARGET_NAME)";
				SDKROOT = auto;
				STRING_CATALOG_GENERATE_SYMBOLS = NO;
				SUPPORTED_PLATFORMS = macosx;
				SUPPORTS_MACCATALYST = NO;
				SWIFT_APPROACHABLE_CONCURRENCY = YES;
				SWIFT_EMIT_LOC_STRINGS = NO;
				SWIFT_UPCOMING_FEATURE_MEMBER_IMPORT_VISIBILITY = YES;
				SWIFT_VERSION = 5.0;
				TEST_HOST = "$(BUILT_PRODUCTS_DIR)/IRIX IDE.app/$(BUNDLE_EXECUTABLE_FOLDER_PATH)/IRIX IDE";
				XROS_DEPLOYMENT_TARGET = 26.0;
			};
			name = Debug;
		};
		DD7DC7C42E7FAA2A0083F8F6 /* Release */ = {
			isa = XCBuildConfiguration;
			buildSettings = {
				BUNDLE_LOADER = "$(TEST_HOST)";
				CODE_SIGN_STYLE = Automatic;
				CURRENT_PROJECT_VERSION = 1;
				DEVELOPMENT_TEAM = 7WWTCMKGHB;
				GENERATE_INFOPLIST_FILE = YES;
				IPHONEOS_DEPLOYMENT_TARGET = 26.0;
				MACOSX_DEPLOYMENT_TARGET = 26.0;
				MARKETING_VERSION = 1.0;
				PRODUCT_BUNDLE_IDENTIFIER = "SGI-Labs.IRIX-IDETests";
				PRODUCT_NAME = "$(TARGET_NAME)";
				SDKROOT = auto;
				STRING_CATALOG_GENERATE_SYMBOLS = NO;
				SUPPORTED_PLATFORMS = macosx;
				SUPPORTS_MACCATALYST = NO;
				SWIFT_APPROACHABLE_CONCURRENCY = YES;
				SWIFT_EMIT_LOC_STRINGS = NO;
				SWIFT_UPCOMING_FEATURE_MEMBER_IMPORT_VISIBILITY = YES;
				SWIFT_VERSION = 5.0;
				TEST_HOST = "$(BUILT_PRODUCTS_DIR)/IRIX IDE.app/$(BUNDLE_EXECUTABLE_FOLDER_PATH)/IRIX IDE";
				XROS_DEPLOYMENT_TARGET = 26.0;
			};
			name = Release;
		};
		DD7DC7C62E7FAA2A0083F8F6 /* Debug */ = {
			isa = XCBuildConfiguration;
			buildSettings = {
				CODE_SIGN_STYLE = Automatic;
				CURRENT_PROJECT_VERSION = 1;
				DEVELOPMENT_TEAM = 7WWTCMKGHB;
				GENERATE_INFOPLIST_FILE = YES;
				IPHONEOS_DEPLOYMENT_TARGET = 26.0;
				MACOSX_DEPLOYMENT_TARGET = 26.0;
				MARKETING_VERSION = 1.0;
				PRODUCT_BUNDLE_IDENTIFIER = "SGI-Labs.IRIX-IDEUITests";
				PRODUCT_NAME = "$(TARGET_NAME)";
				SDKROOT = auto;
				STRING_CATALOG_GENERATE_SYMBOLS = NO;
				SUPPORTED_PLATFORMS = macosx;
				SUPPORTS_MACCATALYST = NO;
				SWIFT_APPROACHABLE_CONCURRENCY = YES;
				SWIFT_EMIT_LOC_STRINGS = NO;
				SWIFT_UPCOMING_FEATURE_MEMBER_IMPORT_VISIBILITY = YES;
				SWIFT_VERSION = 5.0;
				TEST_TARGET_NAME = "IRIX IDE";
				XROS_DEPLOYMENT_TARGET = 26.0;
			};
			name = Debug;
		};
		DD7DC7C72E7FAA2A0083F8F6 /* Release */ = {
			isa = XCBuildConfiguration;
			buildSettings = {
				CODE_SIGN_STYLE = Automatic;
				CURRENT_PROJECT_VERSION = 1;
				DEVELOPMENT_TEAM = 7WWTCMKGHB;
				GENERATE_INFOPLIST_FILE = YES;
				IPHONEOS_DEPLOYMENT_TARGET = 26.0;
				MACOSX_DEPLOYMENT_TARGET = 26.0;
				MARKETING_VERSION = 1.0;
				PRODUCT_BUNDLE_IDENTIFIER = "SGI-Labs.IRIX-IDEUITests";
				PRODUCT_NAME = "$(TARGET_NAME)";
				SDKROOT = auto;
				STRING_CATALOG_GENERATE_SYMBOLS = NO;
				SUPPORTED_PLATFORMS = macosx;
				SUPPORTS_MACCATALYST = NO;
				SWIFT_APPROACHABLE_CONCURRENCY = YES;
				SWIFT_EMIT_LOC_STRINGS = NO;
				SWIFT_UPCOMING_FEATURE_MEMBER_IMPORT_VISIBILITY = YES;
				SWIFT_VERSION = 5.0;
				TEST_TARGET_NAME = "IRIX IDE";
				XROS_DEPLOYMENT_TARGET = 26.0;
			};
			name = Release;
		};
/* End XCBuildConfiguration section */

/* Begin XCConfigurationList section */
		DD7DC7972E7FAA290083F8F6 /* Build configuration list for PBXProject "IRIX IDE" */ = {
			isa = XCConfigurationList;
			buildConfigurations = (
				DD7DC7BD2E7FAA2A0083F8F6 /* Debug */,
				DD7DC7BE2E7FAA2A0083F8F6 /* Release */,
			);
			defaultConfigurationIsVisible = 0;
			defaultConfigurationName = Release;
		};
		DD7DC7BF2E7FAA2A0083F8F6 /* Build configuration list for PBXNativeTarget "IRIX IDE" */ = {
			isa = XCConfigurationList;
			buildConfigurations = (
				DD7DC7C02E7FAA2A0083F8F6 /* Debug */,
				DD7DC7C12E7FAA2A0083F8F6 /* Release */,
			);
			defaultConfigurationIsVisible = 0;
			defaultConfigurationName = Release;
		};
		DD7DC7C22E7FAA2A0083F8F6 /* Build configuration list for PBXNativeTarget "IRIX IDETests" */ = {
			isa = XCConfigurationList;
			buildConfigurations = (
				DD7DC7C32E7FAA2A0083F8F6 /* Debug */,
				DD7DC7C42E7FAA2A0083F8F6 /* Release */,
			);
			defaultConfigurationIsVisible = 0;
			defaultConfigurationName = Release;
		};
		DD7DC7C52E7FAA2A0083F8F6 /* Build configuration list for PBXNativeTarget "IRIX IDEUITests" */ = {
			isa = XCConfigurationList;
			buildConfigurations = (
				DD7DC7C62E7FAA2A0083F8F6 /* Debug */,
				DD7DC7C72E7FAA2A0083F8F6 /* Release */,
			);
			defaultConfigurationIsVisible = 0;
			defaultConfigurationName = Release;
		};
/* End XCConfigurationList section */

/* Begin XCLocalSwiftPackageReference section */
		DD7DC7D12E80BB350083F8F6 /* IRIX IDE Package */ = {
			isa = XCLocalSwiftPackageReference;
			relativePath = ".";
		};
/* End XCLocalSwiftPackageReference section */

/* Begin XCSwiftPackageProductDependency section */
		DD7DC7D22E80BB3C0083F8F6 /* IRIXDesignSystem */ = {isa = XCSwiftPackageProductDependency; package = DD7DC7D12E80BB350083F8F6 /* IRIX IDE Package */; productName = IRIXDesignSystem; };
		DD7DC7D32E80BB3C0083F8F6 /* IRIXFeatures */ = {isa = XCSwiftPackageProductDependency; package = DD7DC7D12E80BB350083F8F6 /* IRIX IDE Package */; productName = IRIXFeatures; };
		DD7DC7D42E80BB3C0083F8F6 /* IRIXServices */ = {isa = XCSwiftPackageProductDependency; package = DD7DC7D12E80BB350083F8F6 /* IRIX IDE Package */; productName = IRIXServices; };
/* End XCSwiftPackageProductDependency section */
	};
	rootObject = DD7DC7942E7FAA290083F8F6 /* Project object */;
}
